{
  "name": "website2",
  "lockfileVersion": 3,
  "requires": true,
  "packages": {
    "": {
      "dependencies": {
        "sv": "^0.6.26"
      }
    },
    "node_modules/sv": {
      "version": "0.6.26",
      "resolved": "https://registry.npmjs.org/sv/-/sv-0.6.26.tgz",
      "integrity": "sha512-kHcWG7ifKQntjwvj81ZZFt4lgQl+C7HJhz3VyX8r00ETXBx7DjohtmDOss1xK2Qsv56hErQhsMQcZfzoFrJG3w==",
      "license": "MIT",
      "bin": {
        "sv": "dist/bin.js"
      }
    }
  }
}
